
Microsoft Visual Studio Solution File, Format Version 12.00
# Visual Studio 14
VisualStudioVersion = 14.0.25420.1
MinimumVisualStudioVersion = 10.0.40219.1
Project("{FAE04EC0-301F-11D3-BF4B-00C04F79EFBC}") = "Vektorel.Windows.OkulApp", "Vektorel.Windows.OkulApp\Vektorel.Windows.OkulApp.csproj", "{3F6133B2-BAE2-46E6-9DE6-E2978F31B802}"
EndProject
Project("{FAE04EC0-301F-11D3-BF4B-00C04F79EFBC}") = "OkulApp.Models", "OkulApp.Models\OkulApp.Models.csproj", "{67027F0C-3F9A-4691-81FD-6EAE3B72CB28}"
EndProject
Project("{FAE04EC0-301F-11D3-BF4B-00C04F79EFBC}") = "OkulApp.BLL", "OkulApp.BLL\OkulApp.BLL.csproj", "{155FC162-DBB5-475A-BCD4-D640FA1EDA96}"
EndProject
Project("{FAE04EC0-301F-11D3-BF4B-00C04F79EFBC}") = "Vektorel.DAL", "Vektorel.DAL\Vektorel.DAL.csproj", "{F7A39303-0EF9-465D-BC03-A1D6CF9421CF}"
EndProject
Project("{FAE04EC0-301F-11D3-BF4B-00C04F79EFBC}") = "UtilityLib", "..\Vektorel.Konsol.SinavApp\UtilityLib\UtilityLib.csproj", "{D591706F-C958-4E48-B5A4-0FF1AEF638F3}"
EndProject
Global
	GlobalSection(SolutionConfigurationPlatforms) = preSolution
		Debug|Any CPU = Debug|Any CPU
		Release|Any CPU = Release|Any CPU
	EndGlobalSection
	GlobalSection(ProjectConfigurationPlatforms) = postSolution
		{3F6133B2-BAE2-46E6-9DE6-E2978F31B802}.Debug|Any CPU.ActiveCfg = Debug|Any CPU
		{3F6133B2-BAE2-46E6-9DE6-E2978F31B802}.Debug|Any CPU.Build.0 = Debug|Any CPU
		{3F6133B2-BAE2-46E6-9DE6-E2978F31B802}.Release|Any CPU.ActiveCfg = Release|Any CPU
		{3F6133B2-BAE2-46E6-9DE6-E2978F31B802}.Release|Any CPU.Build.0 = Release|Any CPU
		{67027F0C-3F9A-4691-81FD-6EAE3B72CB28}.Debug|Any CPU.ActiveCfg = Debug|Any CPU
		{67027F0C-3F9A-4691-81FD-6EAE3B72CB28}.Debug|Any CPU.Build.0 = Debug|Any CPU
		{67027F0C-3F9A-4691-81FD-6EAE3B72CB28}.Release|Any CPU.ActiveCfg = Release|Any CPU
		{67027F0C-3F9A-4691-81FD-6EAE3B72CB28}.Release|Any CPU.Build.0 = Release|Any CPU
		{155FC162-DBB5-475A-BCD4-D640FA1EDA96}.Debug|Any CPU.ActiveCfg = Debug|Any CPU
		{155FC162-DBB5-475A-BCD4-D640FA1EDA96}.Debug|Any CPU.Build.0 = Debug|Any CPU
		{155FC162-DBB5-475A-BCD4-D640FA1EDA96}.Release|Any CPU.ActiveCfg = Release|Any CPU
		{155FC162-DBB5-475A-BCD4-D640FA1EDA96}.Release|Any CPU.Build.0 = Release|Any CPU
		{F7A39303-0EF9-465D-BC03-A1D6CF9421CF}.Debug|Any CPU.ActiveCfg = Debug|Any CPU
		{F7A39303-0EF9-465D-BC03-A1D6CF9421CF}.Debug|Any CPU.Build.0 = Debug|Any CPU
		{F7A39303-0EF9-465D-BC03-A1D6CF9421CF}.Release|Any CPU.ActiveCfg = Release|Any CPU
		{F7A39303-0EF9-465D-BC03-A1D6CF9421CF}.Release|Any CPU.Build.0 = Release|Any CPU
		{D591706F-C958-4E48-B5A4-0FF1AEF638F3}.Debug|Any CPU.ActiveCfg = Debug|Any CPU
		{D591706F-C958-4E48-B5A4-0FF1AEF638F3}.Debug|Any CPU.Build.0 = Debug|Any CPU
		{D591706F-C958-4E48-B5A4-0FF1AEF638F3}.Release|Any CPU.ActiveCfg = Release|Any CPU
		{D591706F-C958-4E48-B5A4-0FF1AEF638F3}.Release|Any CPU.Build.0 = Release|Any CPU
	EndGlobalSection
	GlobalSection(SolutionProperties) = preSolution
		HideSolutionNode = FALSE
	EndGlobalSection
EndGlobal
